// !$*UTF8*$!
{
	archiveVersion = 1;
	classes = {
	};
	objectVersion = 46;
	objects = {

/* Begin PBXBuildFile section */
		91CDDAAA1AADB1DB0056C117 /* AppDelegate.swift in Sources */ = {isa = PBXBuildFile; fileRef = 91CDDAA91AADB1DB0056C117 /* AppDelegate.swift */; };
		91CDDAAC1AADB1DB0056C117 /* ViewController.swift in Sources */ = {isa = PBXBuildFile; fileRef = 91CDDAAB1AADB1DB0056C117 /* ViewController.swift */; };
		91CDDAAF1AADB1DB0056C117 /* Main.storyboard in Resources */ = {isa = PBXBuildFile; fileRef = 91CDDAAD1AADB1DB0056C117 /* Main.storyboard */; };
		91CDDAB11AADB1DB0056C117 /* Images.xcassets in Resources */ = {isa = PBXBuildFile; fileRef = 91CDDAB01AADB1DB0056C117 /* Images.xcassets */; };
		91CDDAB41AADB1DB0056C117 /* LaunchScreen.xib in Resources */ = {isa = PBXBuildFile; fileRef = 91CDDAB21AADB1DB0056C117 /* LaunchScreen.xib */; };
		91CDDAC01AADB1DB0056C117 /* CalculatorTests.swift in Sources */ = {isa = PBXBuildFile; fileRef = 91CDDABF1AADB1DB0056C117 /* CalculatorTests.swift */; };
		91CDDACA1AAF321C0056C117 /* CalculatorBrain.swift in Sources */ = {isa = PBXBuildFile; fileRef = 91CDDAC91AAF321C0056C117 /* CalculatorBrain.swift */; };
/* End PBXBuildFile section */

/* Begin PBXContainerItemProxy section */
		91CDDABA1AADB1DB0056C117 /* PBXContainerItemProxy */ = {
			isa = PBXContainerItemProxy;
			containerPortal = 91CDDA9C1AADB1DB0056C117 /* Project object */;
			proxyType = 1;
			remoteGlobalIDString = 91CDDAA31AADB1DB0056C117;
			remoteInfo = Calculator;
		};
/* End PBXContainerItemProxy section */

/* Begin PBXFileReference section */
		91CDDAA41AADB1DB0056C117 /* Calculator.app */ = {isa = PBXFileReference; explicitFileType = wrapper.application; includeInIndex = 0; path = Calculator.app; sourceTree = BUILT_PRODUCTS_DIR; };
		91CDDAA81AADB1DB0056C117 /* Info.plist */ = {isa = PBXFileReference; lastKnownFileType = text.plist.xml; path = Info.plist; sourceTree = "<group>"; };
		91CDDAA91AADB1DB0056C117 /* AppDelegate.swift */ = {isa = PBXFileReference; lastKnownFileType = sourcecode.swift; path = AppDelegate.swift; sourceTree = "<group>"; };
		91CDDAAB1AADB1DB0056C117 /* ViewController.swift */ = {isa = PBXFileReference; lastKnownFileType = sourcecode.swift; path = ViewController.swift; sourceTree = "<group>"; };
		91CDDAAE1AADB1DB0056C117 /* Base */ = {isa = PBXFileReference; lastKnownFileType = file.storyboard; name = Base; path = Base.lproj/Main.storyboard; sourceTree = "<group>"; };
		91CDDAB01AADB1DB0056C117 /* Images.xcassets */ = {isa = PBXFileReference; lastKnownFileType = folder.assetcatalog; path = Images.xcassets; sourceTree = "<group>"; };
		91CDDAB31AADB1DB0056C117 /* Base */ = {isa = PBXFileReference; lastKnownFileType = file.xib; name = Base; path = Base.lproj/LaunchScreen.xib; sourceTree = "<group>"; };
		91CDDAB91AADB1DB0056C117 /* CalculatorTests.xctest */ = {isa = PBXFileReference; explicitFileType = wrapper.cfbundle; includeInIndex = 0; path = CalculatorTests.xctest; sourceTree = BUILT_PRODUCTS_DIR; };
		91CDDABE1AADB1DB0056C117 /* Info.plist */ = {isa = PBXFileReference; lastKnownFileType = text.plist.xml; path = Info.plist; sourceTree = "<group>"; };
		91CDDABF1AADB1DB0056C117 /* CalculatorTests.swift */ = {isa = PBXFileReference; lastKnownFileType = sourcecode.swift; path = CalculatorTests.swift; sourceTree = "<group>"; };
		91CDDAC91AAF321C0056C117 /* CalculatorBrain.swift */ = {isa = PBXFileReference; fileEncoding = 4; lastKnownFileType = sourcecode.swift; path = CalculatorBrain.swift; sourceTree = "<group>"; };
/* End PBXFileReference section */

/* Begin PBXFrameworksBuildPhase section */
		91CDDAA11AADB1DB0056C117 /* Frameworks */ = {
			isa = PBXFrameworksBuildPhase;
			buildActionMask = 2147483647;
			files = (
			);
			runOnlyForDeploymentPostprocessing = 0;
		};
		91CDDAB61AADB1DB0056C117 /* Frameworks */ = {
			isa = PBXFrameworksBuildPhase;
			buildActionMask = 2147483647;
			files = (
			);
			runOnlyForDeploymentPostprocessing = 0;
		};
/* End PBXFrameworksBuildPhase section */

/* Begin PBXGroup section */
		91CDDA9B1AADB1DB0056C117 = {
			isa = PBXGroup;
			children = (
				91CDDAA61AADB1DB0056C117 /* Calculator */,
				91CDDABC1AADB1DB0056C117 /* CalculatorTests */,
				91CDDAA51AADB1DB0056C117 /* Products */,
			);
			sourceTree = "<group>";
		};
		91CDDAA51AADB1DB0056C117 /* Products */ = {
			isa = PBXGroup;
			children = (
				91CDDAA41AADB1DB0056C117 /* Calculator.app */,
				91CDDAB91AADB1DB0056C117 /* CalculatorTests.xctest */,
			);
			name = Products;
			sourceTree = "<group>";
		};
		91CDDAA61AADB1DB0056C117 /* Calculator */ = {
			isa = PBXGroup;
			children = (
				91CDDAAB1AADB1DB0056C117 /* ViewController.swift */,
				91CDDAAD1AADB1DB0056C117 /* Main.storyboard */,
				91CDDAC91AAF321C0056C117 /* CalculatorBrain.swift */,
				91CDDAA71AADB1DB0056C117 /* Supporting Files */,
			);
			path = Calculator;
			sourceTree = "<group>";
		};
		91CDDAA71AADB1DB0056C117 /* Supporting Files */ = {
			isa = PBXGroup;
			children = (
				91CDDAB01AADB1DB0056C117 /* Images.xcassets */,
				91CDDAA91AADB1DB0056C117 /* AppDelegate.swift */,
				91CDDAB21AADB1DB0056C117 /* LaunchScreen.xib */,
				91CDDAA81AADB1DB0056C117 /* Info.plist */,
			);
			name = "Supporting Files";
			sourceTree = "<group>";
		};
		91CDDABC1AADB1DB0056C117 /* CalculatorTests */ = {
			isa = PBXGroup;
			children = (
				91CDDABF1AADB1DB0056C117 /* CalculatorTests.swift */,
				91CDDABD1AADB1DB0056C117 /* Supporting Files */,
			);
			path = CalculatorTests;
			sourceTree = "<group>";
		};
		91CDDABD1AADB1DB0056C117 /* Supporting Files */ = {
			isa = PBXGroup;
			children = (
				91CDDABE1AADB1DB0056C117 /* Info.plist */,
			);
			name = "Supporting Files";
			sourceTree = "<group>";
		};
/* End PBXGroup section */

/* Begin PBXNativeTarget section */
		91CDDAA31AADB1DB0056C117 /* Calculator */ = {
			isa = PBXNativeTarget;
			buildConfigurationList = 91CDDAC31AADB1DB0056C117 /* Build configuration list for PBXNativeTarget "Calculator" */;
			buildPhases = (
				91CDDAA01AADB1DB0056C117 /* Sources */,
				91CDDAA11AADB1DB0056C117 /* Frameworks */,
				91CDDAA21AADB1DB0056C117 /* Resources */,
			);
			buildRules = (
			);
			dependencies = (
			);
			name = Calculator;
			productName = Calculator;
			productReference = 91CDDAA41AADB1DB0056C117 /* Calculator.app */;
			productType = "com.apple.product-type.application";
		};
		91CDDAB81AADB1DB0056C117 /* CalculatorTests */ = {
			isa = PBXNativeTarget;
			buildConfigurationList = 91CDDAC61AADB1DB0056C117 /* Build configuration list for PBXNativeTarget "CalculatorTests" */;
			buildPhases = (
				91CDDAB51AADB1DB0056C117 /* Sources */,
				91CDDAB61AADB1DB0056C117 /* Frameworks */,
				91CDDAB71AADB1DB0056C117 /* Resources */,
			);
			buildRules = (
			);
			dependencies = (
				91CDDABB1AADB1DB0056C117 /* PBXTargetDependency */,
			);
			name = CalculatorTests;
			productName = CalculatorTests;
			productReference = 91CDDAB91AADB1DB0056C117 /* CalculatorTests.xctest */;
			productType = "com.apple.product-type.bundle.unit-test";
		};
/* End PBXNativeTarget section */

/* Begin PBXProject section */
		91CDDA9C1AADB1DB0056C117 /* Project object */ = {
			isa = PBXProject;
			attributes = {
				LastUpgradeCheck = 0610;
				ORGANIZATIONNAME = "Alexandre THOMAS";
				TargetAttributes = {
					91CDDAA31AADB1DB0056C117 = {
						CreatedOnToolsVersion = 6.1.1;
					};
					91CDDAB81AADB1DB0056C117 = {
						CreatedOnToolsVersion = 6.1.1;
						TestTargetID = 91CDDAA31AADB1DB0056C117;
					};
				};
			};
			buildConfigurationList = 91CDDA9F1AADB1DB0056C117 /* Build configuration list for PBXProject "Calculator" */;
			compatibilityVersion = "Xcode 3.2";
			developmentRegion = English;
			hasScannedForEncodings = 0;
			knownRegions = (
				en,
				Base,
			);
			mainGroup = 91CDDA9B1AADB1DB0056C117;
			productRefGroup = 91CDDAA51AADB1DB0056C117 /* Products */;
			projectDirPath = "";
			projectRoot = "";
			targets = (
				91CDDAA31AADB1DB0056C117 /* Calculator */,
				91CDDAB81AADB1DB0056C117 /* CalculatorTests */,
			);
		};
/* End PBXProject section */

/* Begin PBXResourcesBuildPhase section */
		91CDDAA21AADB1DB0056C117 /* Resources */ = {
			isa = PBXResourcesBuildPhase;
			buildActionMask = 2147483647;
			files = (
				91CDDAAF1AADB1DB0056C117 /* Main.storyboard in Resources */,
				91CDDAB41AADB1DB0056C117 /* LaunchScreen.xib in Resources */,
				91CDDAB11AADB1DB0056C117 /* Images.xcassets in Resources */,
			);
			runOnlyForDeploymentPostprocessing = 0;
		};
		91CDDAB71AADB1DB0056C117 /* Resources */ = {
			isa = PBXResourcesBuildPhase;
			buildActionMask = 2147483647;
			files = (
			);
			runOnlyForDeploymentPostprocessing = 0;
		};
/* End PBXResourcesBuildPhase section */

/* Begin PBXSourcesBuildPhase section */
		91CDDAA01AADB1DB0056C117 /* Sources */ = {
			isa = PBXSourcesBuildPhase;
			buildActionMask = 2147483647;
			files = (
				91CDDACA1AAF321C0056C117 /* CalculatorBrain.swift in Sources */,
				91CDDAAC1AADB1DB0056C117 /* ViewController.swift in Sources */,
				91CDDAAA1AADB1DB0056C117 /* AppDelegate.swift in Sources */,
			);
			runOnlyForDeploymentPostprocessing = 0;
		};
		91CDDAB51AADB1DB0056C117 /* Sources */ = {
			isa = PBXSourcesBuildPhase;
			buildActionMask = 2147483647;
			files = (
				91CDDAC01AADB1DB0056C117 /* CalculatorTests.swift in Sources */,
			);
			runOnlyForDeploymentPostprocessing = 0;
		};
/* End PBXSourcesBuildPhase section */

/* Begin PBXTargetDependency section */
		91CDDABB1AADB1DB0056C117 /* PBXTargetDependency */ = {
			isa = PBXTargetDependency;
			target = 91CDDAA31AADB1DB0056C117 /* Calculator */;
			targetProxy = 91CDDABA1AADB1DB0056C117 /* PBXContainerItemProxy */;
		};
/* End PBXTargetDependency section */

/* Begin PBXVariantGroup section */
		91CDDAAD1AADB1DB0056C117 /* Main.storyboard */ = {
			isa = PBXVariantGroup;
			children = (
				91CDDAAE1AADB1DB0056C117 /* Base */,
			);
			name = Main.storyboard;
			sourceTree = "<group>";
		};
		91CDDAB21AADB1DB0056C117 /* LaunchScreen.xib */ = {
			isa = PBXVariantGroup;
			children = (
				91CDDAB31AADB1DB0056C117 /* Base */,
			);
			name = LaunchScreen.xib;
			sourceTree = "<group>";
		};
/* End PBXVariantGroup section */

/* Begin XCBuildConfiguration section */
		91CDDAC11AADB1DB0056C117 /* Debug */ = {
			isa = XCBuildConfiguration;
			buildSettings = {
				ALWAYS_SEARCH_USER_PATHS = NO;
				CLANG_CXX_LANGUAGE_STANDARD = "gnu++0x";
				CLANG_CXX_LIBRARY = "libc++";
				CLANG_ENABLE_MODULES = YES;
				CLANG_ENABLE_OBJC_ARC = YES;
				CLANG_WARN_BOOL_CONVERSION = YES;
				CLANG_WARN_CONSTANT_CONVERSION = YES;
				CLANG_WARN_DIRECT_OBJC_ISA_USAGE = YES_ERROR;
				CLANG_WARN_EMPTY_BODY = YES;
				CLANG_WARN_ENUM_CONVERSION = YES;
				CLANG_WARN_INT_CONVERSION = YES;
				CLANG_WARN_OBJC_ROOT_CLASS = YES_ERROR;
				CLANG_WARN_UNREACHABLE_CODE = YES;
				CLANG_WARN__DUPLICATE_METHOD_MATCH = YES;
				"CODE_SIGN_IDENTITY[sdk=iphoneos*]" = "iPhone Developer";
				COPY_PHASE_STRIP = NO;
				ENABLE_STRICT_OBJC_MSGSEND = YES;
				GCC_C_LANGUAGE_STANDARD = gnu99;
				GCC_DYNAMIC_NO_PIC = NO;
				GCC_OPTIMIZATION_LEVEL = 0;
				GCC_PREPROCESSOR_DEFINITIONS = (
					"DEBUG=1",
					"$(inherited)",
				);
				GCC_SYMBOLS_PRIVATE_EXTERN = NO;
				GCC_WARN_64_TO_32_BIT_CONVERSION = YES;
				GCC_WARN_ABOUT_RETURN_TYPE = YES_ERROR;
				GCC_WARN_UNDECLARED_SELECTOR = YES;
				GCC_WARN_UNINITIALIZED_AUTOS = YES_AGGRESSIVE;
				GCC_WARN_UNUSED_FUNCTION = YES;
				GCC_WARN_UNUSED_VARIABLE = YES;
				IPHONEOS_DEPLOYMENT_TARGET = 8.1;
				MTL_ENABLE_DEBUG_INFO = YES;
				ONLY_ACTIVE_ARCH = YES;
				SDKROOT = iphoneos;
				SWIFT_OPTIMIZATION_LEVEL = "-Onone";
				TARGETED_DEVICE_FAMILY = "1,2";
			};
			name = Debug;
		};
		91CDDAC21AADB1DB0056C117 /* Release */ = {
			isa = XCBuildConfiguration;
			buildSettings = {
				ALWAYS_SEARCH_USER_PATHS = NO;
				CLANG_CXX_LANGUAGE_STANDARD = "gnu++0x";
				CLANG_CXX_LIBRARY = "libc++";
				CLANG_ENABLE_MODULES = YES;
				CLANG_ENABLE_OBJC_ARC = YES;
				CLANG_WARN_BOOL_CONVERSION = YES;
				CLANG_WARN_CONSTANT_CONVERSION = YES;
				CLANG_WARN_DIRECT_OBJC_ISA_USAGE = YES_ERROR;
				CLANG_WARN_EMPTY_BODY = YES;
				CLANG_WARN_ENUM_CONVERSION = YES;
				CLANG_WARN_INT_CONVERSION = YES;
				CLANG_WARN_OBJC_ROOT_CLASS = YES_ERROR;
				CLANG_WARN_UNREACHABLE_CODE = YES;
				CLANG_WARN__DUPLICATE_METHOD_MATCH = YES;
				"CODE_SIGN_IDENTITY[sdk=iphoneos*]" = "iPhone Developer";
				COPY_PHASE_STRIP = YES;
				ENABLE_NS_ASSERTIONS = NO;
				ENABLE_STRICT_OBJC_MSGSEND = YES;
				GCC_C_LANGUAGE_STANDARD = gnu99;
				GCC_WARN_64_TO_32_BIT_CONVERSION = YES;
				GCC_WARN_ABOUT_RETURN_TYPE = YES_ERROR;
				GCC_WARN_UNDECLARED_SELECTOR = YES;
				GCC_WARN_UNINITIALIZED_AUTOS = YES_AGGRESSIVE;
				GCC_WARN_UNUSED_FUNCTION = YES;
				GCC_WARN_UNUSED_VARIABLE = YES;
				IPHONEOS_DEPLOYMENT_TARGET = 8.1;
				MTL_ENABLE_DEBUG_INFO = NO;
				SDKROOT = iphoneos;
				TARGETED_DEVICE_FAMILY = "1,2";
				VALIDATE_PRODUCT = YES;
			};
			name = Release;
		};
		91CDDAC41AADB1DB0056C117 /* Debug */ = {
			isa = XCBuildConfiguration;
			buildSettings = {
				ASSETCATALOG_COMPILER_APPICON_NAME = AppIcon;
				INFOPLIST_FILE = Calculator/Info.plist;
				LD_RUNPATH_SEARCH_PATHS = "$(inherited) @executable_path/Frameworks";
				PRODUCT_NAME = "$(TARGET_NAME)";
			};
			name = Debug;
		};
		91CDDAC51AADB1DB0056C117 /* Release */ = {
			isa = XCBuildConfiguration;
			buildSettings = {
				ASSETCATALOG_COMPILER_APPICON_NAME = AppIcon;
				INFOPLIST_FILE = Calculator/Info.plist;
				LD_RUNPATH_SEARCH_PATHS = "$(inherited) @executable_path/Frameworks";
				PRODUCT_NAME = "$(TARGET_NAME)";
			};
			name = Release;
		};
		91CDDAC71AADB1DB0056C117 /* Debug */ = {
			isa = XCBuildConfiguration;
			buildSettings = {
				BUNDLE_LOADER = "$(TEST_HOST)";
				FRAMEWORK_SEARCH_PATHS = (
					"$(SDKROOT)/Developer/Library/Frameworks",
					"$(inherited)",
				);
				GCC_PREPROCESSOR_DEFINITIONS = (
					"DEBUG=1",
					"$(inherited)",
				);
				INFOPLIST_FILE = CalculatorTests/Info.plist;
				LD_RUNPATH_SEARCH_PATHS = "$(inherited) @executable_path/Frameworks @loader_path/Frameworks";
				PRODUCT_NAME = "$(TARGET_NAME)";
				TEST_HOST = "$(BUILT_PRODUCTS_DIR)/Calculator.app/Calculator";
			};
			name = Debug;
		};
		91CDDAC81AADB1DB0056C117 /* Release */ = {
			isa = XCBuildConfiguration;
			buildSettings = {
				BUNDLE_LOADER = "$(TEST_HOST)";
				FRAMEWORK_SEARCH_PATHS = (
					"$(SDKROOT)/Developer/Library/Frameworks",
					"$(inherited)",
				);
				INFOPLIST_FILE = CalculatorTests/Info.plist;
				LD_RUNPATH_SEARCH_PATHS = "$(inherited) @executable_path/Frameworks @loader_path/Frameworks";
				PRODUCT_NAME = "$(TARGET_NAME)";
				TEST_HOST = "$(BUILT_PRODUCTS_DIR)/Calculator.app/Calculator";
			};
			name = Release;
		};
/* End XCBuildConfiguration section */

/* Begin XCConfigurationList section */
		91CDDA9F1AADB1DB0056C117 /* Build configuration list for PBXProject "Calculator" */ = {
			isa = XCConfigurationList;
			buildConfigurations = (
				91CDDAC11AADB1DB0056C117 /* Debug */,
				91CDDAC21AADB1DB0056C117 /* Release */,
			);
			defaultConfigurationIsVisible = 0;
			defaultConfigurationName = Release;
		};
		91CDDAC31AADB1DB0056C117 /* Build configuration list for PBXNativeTarget "Calculator" */ = {
			isa = XCConfigurationList;
			buildConfigurations = (
				91CDDAC41AADB1DB0056C117 /* Debug */,
				91CDDAC51AADB1DB0056C117 /* Release */,
			);
			defaultConfigurationIsVisible = 0;
		};
		91CDDAC61AADB1DB0056C117 /* Build configuration list for PBXNativeTarget "CalculatorTests" */ = {
			isa = XCConfigurationList;
			buildConfigurations = (
				91CDDAC71AADB1DB0056C117 /* Debug */,
				91CDDAC81AADB1DB0056C117 /* Release */,
			);
			defaultConfigurationIsVisible = 0;
		};
/* End XCConfigurationList section */
	};
	rootObject = 91CDDA9C1AADB1DB0056C117 /* Project object */;
}
